
Microsoft Visual Studio Solution File, Format Version 12.00
# Visual Studio Version 16
VisualStudioVersion = 16.0.35229.62
MinimumVisualStudioVersion = 10.0.40219.1
Project("{FAE04EC0-301F-11D3-BF4B-00C04F79EFBC}") = "SuperMart", "SuperMart\SuperMart.csproj", "{138CC71B-5449-4742-8E9C-58F9FFB9C5DA}"
EndProject
Global
	GlobalSection(SolutionConfigurationPlatforms) = preSolution
		Debug|Any CPU = Debug|Any CPU
		Release|Any CPU = Release|Any CPU
	EndGlobalSection
	GlobalSection(ProjectConfigurationPlatforms) = postSolution
		{138CC71B-5449-4742-8E9C-58F9FFB9C5DA}.Debug|Any CPU.ActiveCfg = Debug|Any CPU
		{138CC71B-5449-4742-8E9C-58F9FFB9C5DA}.Debug|Any CPU.Build.0 = Debug|Any CPU
		{138CC71B-5449-4742-8E9C-58F9FFB9C5DA}.Release|Any CPU.ActiveCfg = Release|Any CPU
		{138CC71B-5449-4742-8E9C-58F9FFB9C5DA}.Release|Any CPU.Build.0 = Release|Any CPU
	EndGlobalSection
	GlobalSection(SolutionProperties) = preSolution
		HideSolutionNode = FALSE
	EndGlobalSection
	GlobalSection(ExtensibilityGlobals) = postSolution
		SolutionGuid = {91AF7D54-A257-4667-B833-ED7249B939BD}
	EndGlobalSection
EndGlobal
